// !$*UTF8*$!
{
	archiveVersion = 1;
	classes = {
	};
	objectVersion = 55;
	objects = {

/* Begin PBXBuildFile section */
		0E1B53F628AB1FD100901508 /* AppDelegate.swift in Sources */ = {isa = PBXBuildFile; fileRef = 0E1B53F528AB1FD100901508 /* AppDelegate.swift */; };
		0E1B53F828AB1FD100901508 /* SceneDelegate.swift in Sources */ = {isa = PBXBuildFile; fileRef = 0E1B53F728AB1FD100901508 /* SceneDelegate.swift */; };
		0E1B53FA28AB1FD100901508 /* ViewController.swift in Sources */ = {isa = PBXBuildFile; fileRef = 0E1B53F928AB1FD100901508 /* ViewController.swift */; };
		0E1B53FD28AB1FD100901508 /* Main.storyboard in Resources */ = {isa = PBXBuildFile; fileRef = 0E1B53FB28AB1FD100901508 /* Main.storyboard */; };
		0E1B53FF28AB1FD300901508 /* Assets.xcassets in Resources */ = {isa = PBXBuildFile; fileRef = 0E1B53FE28AB1FD300901508 /* Assets.xcassets */; };
		0E1B540228AB1FD300901508 /* LaunchScreen.storyboard in Resources */ = {isa = PBXBuildFile; fileRef = 0E1B540028AB1FD300901508 /* LaunchScreen.storyboard */; };
		0E1B542528AB2C6C00901508 /* SeSAC2UIFramework.framework in Frameworks */ = {isa = PBXBuildFile; fileRef = 0E1B542228AB2C5300901508 /* SeSAC2UIFramework.framework */; };
		0E1B542628AB2C6C00901508 /* SeSAC2UIFramework.framework in Embed Frameworks */ = {isa = PBXBuildFile; fileRef = 0E1B542228AB2C5300901508 /* SeSAC2UIFramework.framework */; settings = {ATTRIBUTES = (CodeSignOnCopy, RemoveHeadersOnCopy, ); }; };
		0E1B542C28AB3A8800901508 /* WalkThrough.storyboard in Resources */ = {isa = PBXBuildFile; fileRef = 0E1B542B28AB3A8800901508 /* WalkThrough.storyboard */; };
		0E1B542E28AB3A9A00901508 /* FirstViewController.swift in Sources */ = {isa = PBXBuildFile; fileRef = 0E1B542D28AB3A9900901508 /* FirstViewController.swift */; };
		0E1B543028AB40CA00901508 /* SecondViewController.swift in Sources */ = {isa = PBXBuildFile; fileRef = 0E1B542F28AB40CA00901508 /* SecondViewController.swift */; };
		0E1B543228AB40D200901508 /* ThirdViewController.swift in Sources */ = {isa = PBXBuildFile; fileRef = 0E1B543128AB40D200901508 /* ThirdViewController.swift */; };
		0E1B543428AB415000901508 /* WalkThroughViewController.swift in Sources */ = {isa = PBXBuildFile; fileRef = 0E1B543328AB415000901508 /* WalkThroughViewController.swift */; };
		0E63A98228AC71AC001AD9FD /* CodeViewController.swift in Sources */ = {isa = PBXBuildFile; fileRef = 0E63A98128AC71AC001AD9FD /* CodeViewController.swift */; };
		0E63A98528AC81BA001AD9FD /* SnapKit in Frameworks */ = {isa = PBXBuildFile; productRef = 0E63A98428AC81BA001AD9FD /* SnapKit */; };
		0E63A98728AC822B001AD9FD /* CodeSnapViewController.swift in Sources */ = {isa = PBXBuildFile; fileRef = 0E63A98628AC822B001AD9FD /* CodeSnapViewController.swift */; };
		0E63A98928AC8C0F001AD9FD /* CodeSnap2ViewController.swift in Sources */ = {isa = PBXBuildFile; fileRef = 0E63A98828AC8C0F001AD9FD /* CodeSnap2ViewController.swift */; };
/* End PBXBuildFile section */

/* Begin PBXContainerItemProxy section */
		0E1B542128AB2C5300901508 /* PBXContainerItemProxy */ = {
			isa = PBXContainerItemProxy;
			containerPortal = 0E1B541C28AB2C5300901508 /* SeSAC2UIFramework.xcodeproj */;
			proxyType = 2;
			remoteGlobalIDString = 0E1B53CD28AB1BBF00901508;
			remoteInfo = SeSAC2UIFramework;
		};
		0E1B542328AB2C5300901508 /* PBXContainerItemProxy */ = {
			isa = PBXContainerItemProxy;
			containerPortal = 0E1B541C28AB2C5300901508 /* SeSAC2UIFramework.xcodeproj */;
			proxyType = 2;
			remoteGlobalIDString = 0E1B53D728AB1BBF00901508;
			remoteInfo = SeSAC2UIFrameworkTests;
		};
/* End PBXContainerItemProxy section */

/* Begin PBXCopyFilesBuildPhase section */
		0E1B541528AB20E900901508 /* Embed Frameworks */ = {
			isa = PBXCopyFilesBuildPhase;
			buildActionMask = 2147483647;
			dstPath = "";
			dstSubfolderSpec = 10;
			files = (
				0E1B542628AB2C6C00901508 /* SeSAC2UIFramework.framework in Embed Frameworks */,
			);
			name = "Embed Frameworks";
			runOnlyForDeploymentPostprocessing = 0;
		};
/* End PBXCopyFilesBuildPhase section */

/* Begin PBXFileReference section */
		0E1B53F228AB1FD100901508 /* SeSAC2Week7Diary.app */ = {isa = PBXFileReference; explicitFileType = wrapper.application; includeInIndex = 0; path = SeSAC2Week7Diary.app; sourceTree = BUILT_PRODUCTS_DIR; };
		0E1B53F528AB1FD100901508 /* AppDelegate.swift */ = {isa = PBXFileReference; lastKnownFileType = sourcecode.swift; path = AppDelegate.swift; sourceTree = "<group>"; };
		0E1B53F728AB1FD100901508 /* SceneDelegate.swift */ = {isa = PBXFileReference; lastKnownFileType = sourcecode.swift; path = SceneDelegate.swift; sourceTree = "<group>"; };
		0E1B53F928AB1FD100901508 /* ViewController.swift */ = {isa = PBXFileReference; lastKnownFileType = sourcecode.swift; path = ViewController.swift; sourceTree = "<group>"; };
		0E1B53FC28AB1FD100901508 /* Base */ = {isa = PBXFileReference; lastKnownFileType = file.storyboard; name = Base; path = Base.lproj/Main.storyboard; sourceTree = "<group>"; };
		0E1B53FE28AB1FD300901508 /* Assets.xcassets */ = {isa = PBXFileReference; lastKnownFileType = folder.assetcatalog; path = Assets.xcassets; sourceTree = "<group>"; };
		0E1B540128AB1FD300901508 /* Base */ = {isa = PBXFileReference; lastKnownFileType = file.storyboard; name = Base; path = Base.lproj/LaunchScreen.storyboard; sourceTree = "<group>"; };
		0E1B540328AB1FD300901508 /* Info.plist */ = {isa = PBXFileReference; lastKnownFileType = text.plist.xml; path = Info.plist; sourceTree = "<group>"; };
		0E1B541C28AB2C5300901508 /* SeSAC2UIFramework.xcodeproj */ = {isa = PBXFileReference; lastKnownFileType = "wrapper.pb-project"; name = SeSAC2UIFramework.xcodeproj; path = ../SeSAC2UIFramework/SeSAC2UIFramework.xcodeproj; sourceTree = "<group>"; };
		0E1B542B28AB3A8800901508 /* WalkThrough.storyboard */ = {isa = PBXFileReference; lastKnownFileType = file.storyboard; path = WalkThrough.storyboard; sourceTree = "<group>"; };
		0E1B542D28AB3A9900901508 /* FirstViewController.swift */ = {isa = PBXFileReference; lastKnownFileType = sourcecode.swift; path = FirstViewController.swift; sourceTree = "<group>"; };
		0E1B542F28AB40CA00901508 /* SecondViewController.swift */ = {isa = PBXFileReference; lastKnownFileType = sourcecode.swift; path = SecondViewController.swift; sourceTree = "<group>"; };
		0E1B543128AB40D200901508 /* ThirdViewController.swift */ = {isa = PBXFileReference; lastKnownFileType = sourcecode.swift; path = ThirdViewController.swift; sourceTree = "<group>"; };
		0E1B543328AB415000901508 /* WalkThroughViewController.swift */ = {isa = PBXFileReference; lastKnownFileType = sourcecode.swift; path = WalkThroughViewController.swift; sourceTree = "<group>"; };
		0E63A98128AC71AC001AD9FD /* CodeViewController.swift */ = {isa = PBXFileReference; lastKnownFileType = sourcecode.swift; path = CodeViewController.swift; sourceTree = "<group>"; };
		0E63A98628AC822B001AD9FD /* CodeSnapViewController.swift */ = {isa = PBXFileReference; lastKnownFileType = sourcecode.swift; path = CodeSnapViewController.swift; sourceTree = "<group>"; };
		0E63A98828AC8C0F001AD9FD /* CodeSnap2ViewController.swift */ = {isa = PBXFileReference; lastKnownFileType = sourcecode.swift; path = CodeSnap2ViewController.swift; sourceTree = "<group>"; };
/* End PBXFileReference section */

/* Begin PBXFrameworksBuildPhase section */
		0E1B53EF28AB1FD100901508 /* Frameworks */ = {
			isa = PBXFrameworksBuildPhase;
			buildActionMask = 2147483647;
			files = (
				0E1B542528AB2C6C00901508 /* SeSAC2UIFramework.framework in Frameworks */,
				0E63A98528AC81BA001AD9FD /* SnapKit in Frameworks */,
			);
			runOnlyForDeploymentPostprocessing = 0;
		};
/* End PBXFrameworksBuildPhase section */

/* Begin PBXGroup section */
		0E1B53E928AB1FD100901508 = {
			isa = PBXGroup;
			children = (
				0E1B541C28AB2C5300901508 /* SeSAC2UIFramework.xcodeproj */,
				0E1B53F428AB1FD100901508 /* SeSAC2Week7Diary */,
				0E1B53F328AB1FD100901508 /* Products */,
				0E1B541228AB20E900901508 /* Frameworks */,
			);
			sourceTree = "<group>";
		};
		0E1B53F328AB1FD100901508 /* Products */ = {
			isa = PBXGroup;
			children = (
				0E1B53F228AB1FD100901508 /* SeSAC2Week7Diary.app */,
			);
			name = Products;
			sourceTree = "<group>";
		};
		0E1B53F428AB1FD100901508 /* SeSAC2Week7Diary */ = {
			isa = PBXGroup;
			children = (
				0E63A97E28AC7196001AD9FD /* CodeBase */,
				0E1B542828AB3A7000901508 /* WalkThrough */,
				0E1B53F528AB1FD100901508 /* AppDelegate.swift */,
				0E1B53F728AB1FD100901508 /* SceneDelegate.swift */,
				0E1B53F928AB1FD100901508 /* ViewController.swift */,
				0E1B53FB28AB1FD100901508 /* Main.storyboard */,
				0E1B53FE28AB1FD300901508 /* Assets.xcassets */,
				0E1B540028AB1FD300901508 /* LaunchScreen.storyboard */,
				0E1B540328AB1FD300901508 /* Info.plist */,
			);
			path = SeSAC2Week7Diary;
			sourceTree = "<group>";
		};
		0E1B541228AB20E900901508 /* Frameworks */ = {
			isa = PBXGroup;
			children = (
			);
			name = Frameworks;
			sourceTree = "<group>";
		};
		0E1B541D28AB2C5300901508 /* Products */ = {
			isa = PBXGroup;
			children = (
				0E1B542228AB2C5300901508 /* SeSAC2UIFramework.framework */,
				0E1B542428AB2C5300901508 /* SeSAC2UIFrameworkTests.xctest */,
			);
			name = Products;
			sourceTree = "<group>";
		};
		0E1B542828AB3A7000901508 /* WalkThrough */ = {
			isa = PBXGroup;
			children = (
				0E1B542B28AB3A8800901508 /* WalkThrough.storyboard */,
				0E1B542D28AB3A9900901508 /* FirstViewController.swift */,
				0E1B542F28AB40CA00901508 /* SecondViewController.swift */,
				0E1B543128AB40D200901508 /* ThirdViewController.swift */,
				0E1B543328AB415000901508 /* WalkThroughViewController.swift */,
			);
			path = WalkThrough;
			sourceTree = "<group>";
		};
		0E63A97E28AC7196001AD9FD /* CodeBase */ = {
			isa = PBXGroup;
			children = (
				0E63A98128AC71AC001AD9FD /* CodeViewController.swift */,
				0E63A98628AC822B001AD9FD /* CodeSnapViewController.swift */,
				0E63A98828AC8C0F001AD9FD /* CodeSnap2ViewController.swift */,
			);
			path = CodeBase;
			sourceTree = "<group>";
		};
/* End PBXGroup section */

/* Begin PBXNativeTarget section */
		0E1B53F128AB1FD100901508 /* SeSAC2Week7Diary */ = {
			isa = PBXNativeTarget;
			buildConfigurationList = 0E1B540628AB1FD300901508 /* Build configuration list for PBXNativeTarget "SeSAC2Week7Diary" */;
			buildPhases = (
				0E1B53EE28AB1FD100901508 /* Sources */,
				0E1B53EF28AB1FD100901508 /* Frameworks */,
				0E1B53F028AB1FD100901508 /* Resources */,
				0E1B541528AB20E900901508 /* Embed Frameworks */,
			);
			buildRules = (
			);
			dependencies = (
			);
			name = SeSAC2Week7Diary;
			packageProductDependencies = (
				0E63A98428AC81BA001AD9FD /* SnapKit */,
			);
			productName = SeSAC2Week7Diary;
			productReference = 0E1B53F228AB1FD100901508 /* SeSAC2Week7Diary.app */;
			productType = "com.apple.product-type.application";
		};
/* End PBXNativeTarget section */

/* Begin PBXProject section */
		0E1B53EA28AB1FD100901508 /* Project object */ = {
			isa = PBXProject;
			attributes = {
				BuildIndependentTargetsInParallel = 1;
				LastSwiftUpdateCheck = 1340;
				LastUpgradeCheck = 1340;
				TargetAttributes = {
					0E1B53F128AB1FD100901508 = {
						CreatedOnToolsVersion = 13.4.1;
					};
				};
			};
			buildConfigurationList = 0E1B53ED28AB1FD100901508 /* Build configuration list for PBXProject "SeSAC2Week7Diary" */;
			compatibilityVersion = "Xcode 13.0";
			developmentRegion = en;
			hasScannedForEncodings = 0;
			knownRegions = (
				en,
				Base,
			);
			mainGroup = 0E1B53E928AB1FD100901508;
			packageReferences = (
				0E63A98328AC81BA001AD9FD /* XCRemoteSwiftPackageReference "SnapKit" */,
			);
			productRefGroup = 0E1B53F328AB1FD100901508 /* Products */;
			projectDirPath = "";
			projectReferences = (
				{
					ProductGroup = 0E1B541D28AB2C5300901508 /* Products */;
					ProjectRef = 0E1B541C28AB2C5300901508 /* SeSAC2UIFramework.xcodeproj */;
				},
			);
			projectRoot = "";
			targets = (
				0E1B53F128AB1FD100901508 /* SeSAC2Week7Diary */,
			);
		};
/* End PBXProject section */

/* Begin PBXReferenceProxy section */
		0E1B542228AB2C5300901508 /* SeSAC2UIFramework.framework */ = {
			isa = PBXReferenceProxy;
			fileType = wrapper.framework;
			path = SeSAC2UIFramework.framework;
			remoteRef = 0E1B542128AB2C5300901508 /* PBXContainerItemProxy */;
			sourceTree = BUILT_PRODUCTS_DIR;
		};
		0E1B542428AB2C5300901508 /* SeSAC2UIFrameworkTests.xctest */ = {
			isa = PBXReferenceProxy;
			fileType = wrapper.cfbundle;
			path = SeSAC2UIFrameworkTests.xctest;
			remoteRef = 0E1B542328AB2C5300901508 /* PBXContainerItemProxy */;
			sourceTree = BUILT_PRODUCTS_DIR;
		};
/* End PBXReferenceProxy section */

/* Begin PBXResourcesBuildPhase section */
		0E1B53F028AB1FD100901508 /* Resources */ = {
			isa = PBXResourcesBuildPhase;
			buildActionMask = 2147483647;
			files = (
				0E1B540228AB1FD300901508 /* LaunchScreen.storyboard in Resources */,
				0E1B542C28AB3A8800901508 /* WalkThrough.storyboard in Resources */,
				0E1B53FF28AB1FD300901508 /* Assets.xcassets in Resources */,
				0E1B53FD28AB1FD100901508 /* Main.storyboard in Resources */,
			);
			runOnlyForDeploymentPostprocessing = 0;
		};
/* End PBXResourcesBuildPhase section */

/* Begin PBXSourcesBuildPhase section */
		0E1B53EE28AB1FD100901508 /* Sources */ = {
			isa = PBXSourcesBuildPhase;
			buildActionMask = 2147483647;
			files = (
				0E1B53FA28AB1FD100901508 /* ViewController.swift in Sources */,
				0E1B53F628AB1FD100901508 /* AppDelegate.swift in Sources */,
				0E63A98928AC8C0F001AD9FD /* CodeSnap2ViewController.swift in Sources */,
				0E1B53F828AB1FD100901508 /* SceneDelegate.swift in Sources */,
				0E1B543028AB40CA00901508 /* SecondViewController.swift in Sources */,
				0E63A98728AC822B001AD9FD /* CodeSnapViewController.swift in Sources */,
				0E1B543228AB40D200901508 /* ThirdViewController.swift in Sources */,
				0E63A98228AC71AC001AD9FD /* CodeViewController.swift in Sources */,
				0E1B543428AB415000901508 /* WalkThroughViewController.swift in Sources */,
				0E1B542E28AB3A9A00901508 /* FirstViewController.swift in Sources */,
			);
			runOnlyForDeploymentPostprocessing = 0;
		};
/* End PBXSourcesBuildPhase section */

/* Begin PBXVariantGroup section */
		0E1B53FB28AB1FD100901508 /* Main.storyboard */ = {
			isa = PBXVariantGroup;
			children = (
				0E1B53FC28AB1FD100901508 /* Base */,
			);
			name = Main.storyboard;
			sourceTree = "<group>";
		};
		0E1B540028AB1FD300901508 /* LaunchScreen.storyboard */ = {
			isa = PBXVariantGroup;
			children = (
				0E1B540128AB1FD300901508 /* Base */,
			);
			name = LaunchScreen.storyboard;
			sourceTree = "<group>";
		};
/* End PBXVariantGroup section */

/* Begin XCBuildConfiguration section */
		0E1B540428AB1FD300901508 /* Debug */ = {
			isa = XCBuildConfiguration;
			buildSettings = {
				ALWAYS_SEARCH_USER_PATHS = NO;
				CLANG_ANALYZER_NONNULL = YES;
				CLANG_ANALYZER_NUMBER_OBJECT_CONVERSION = YES_AGGRESSIVE;
				CLANG_CXX_LANGUAGE_STANDARD = "gnu++17";
				CLANG_ENABLE_MODULES = YES;
				CLANG_ENABLE_OBJC_ARC = YES;
				CLANG_ENABLE_OBJC_WEAK = YES;
				CLANG_WARN_BLOCK_CAPTURE_AUTORELEASING = YES;
				CLANG_WARN_BOOL_CONVERSION = YES;
				CLANG_WARN_COMMA = YES;
				CLANG_WARN_CONSTANT_CONVERSION = YES;
				CLANG_WARN_DEPRECATED_OBJC_IMPLEMENTATIONS = YES;
				CLANG_WARN_DIRECT_OBJC_ISA_USAGE = YES_ERROR;
				CLANG_WARN_DOCUMENTATION_COMMENTS = YES;
				CLANG_WARN_EMPTY_BODY = YES;
				CLANG_WARN_ENUM_CONVERSION = YES;
				CLANG_WARN_INFINITE_RECURSION = YES;
				CLANG_WARN_INT_CONVERSION = YES;
				CLANG_WARN_NON_LITERAL_NULL_CONVERSION = YES;
				CLANG_WARN_OBJC_IMPLICIT_RETAIN_SELF = YES;
				CLANG_WARN_OBJC_LITERAL_CONVERSION = YES;
				CLANG_WARN_OBJC_ROOT_CLASS = YES_ERROR;
				CLANG_WARN_QUOTED_INCLUDE_IN_FRAMEWORK_HEADER = YES;
				CLANG_WARN_RANGE_LOOP_ANALYSIS = YES;
				CLANG_WARN_STRICT_PROTOTYPES = YES;
				CLANG_WARN_SUSPICIOUS_MOVE = YES;
				CLANG_WARN_UNGUARDED_AVAILABILITY = YES_AGGRESSIVE;
				CLANG_WARN_UNREACHABLE_CODE = YES;
				CLANG_WARN__DUPLICATE_METHOD_MATCH = YES;
				COPY_PHASE_STRIP = NO;
				DEBUG_INFORMATION_FORMAT = dwarf;
				ENABLE_STRICT_OBJC_MSGSEND = YES;
				ENABLE_TESTABILITY = YES;
				GCC_C_LANGUAGE_STANDARD = gnu11;
				GCC_DYNAMIC_NO_PIC = NO;
				GCC_NO_COMMON_BLOCKS = YES;
				GCC_OPTIMIZATION_LEVEL = 0;
				GCC_PREPROCESSOR_DEFINITIONS = (
					"DEBUG=1",
					"$(inherited)",
				);
				GCC_WARN_64_TO_32_BIT_CONVERSION = YES;
				GCC_WARN_ABOUT_RETURN_TYPE = YES_ERROR;
				GCC_WARN_UNDECLARED_SELECTOR = YES;
				GCC_WARN_UNINITIALIZED_AUTOS = YES_AGGRESSIVE;
				GCC_WARN_UNUSED_FUNCTION = YES;
				GCC_WARN_UNUSED_VARIABLE = YES;
				IPHONEOS_DEPLOYMENT_TARGET = 15.5;
				MTL_ENABLE_DEBUG_INFO = INCLUDE_SOURCE;
				MTL_FAST_MATH = YES;
				ONLY_ACTIVE_ARCH = YES;
				SDKROOT = iphoneos;
				SWIFT_ACTIVE_COMPILATION_CONDITIONS = DEBUG;
				SWIFT_OPTIMIZATION_LEVEL = "-Onone";
			};
			name = Debug;
		};
		0E1B540528AB1FD300901508 /* Release */ = {
			isa = XCBuildConfiguration;
			buildSettings = {
				ALWAYS_SEARCH_USER_PATHS = NO;
				CLANG_ANALYZER_NONNULL = YES;
				CLANG_ANALYZER_NUMBER_OBJECT_CONVERSION = YES_AGGRESSIVE;
				CLANG_CXX_LANGUAGE_STANDARD = "gnu++17";
				CLANG_ENABLE_MODULES = YES;
				CLANG_ENABLE_OBJC_ARC = YES;
				CLANG_ENABLE_OBJC_WEAK = YES;
				CLANG_WARN_BLOCK_CAPTURE_AUTORELEASING = YES;
				CLANG_WARN_BOOL_CONVERSION = YES;
				CLANG_WARN_COMMA = YES;
				CLANG_WARN_CONSTANT_CONVERSION = YES;
				CLANG_WARN_DEPRECATED_OBJC_IMPLEMENTATIONS = YES;
				CLANG_WARN_DIRECT_OBJC_ISA_USAGE = YES_ERROR;
				CLANG_WARN_DOCUMENTATION_COMMENTS = YES;
				CLANG_WARN_EMPTY_BODY = YES;
				CLANG_WARN_ENUM_CONVERSION = YES;
				CLANG_WARN_INFINITE_RECURSION = YES;
				CLANG_WARN_INT_CONVERSION = YES;
				CLANG_WARN_NON_LITERAL_NULL_CONVERSION = YES;
				CLANG_WARN_OBJC_IMPLICIT_RETAIN_SELF = YES;
				CLANG_WARN_OBJC_LITERAL_CONVERSION = YES;
				CLANG_WARN_OBJC_ROOT_CLASS = YES_ERROR;
				CLANG_WARN_QUOTED_INCLUDE_IN_FRAMEWORK_HEADER = YES;
				CLANG_WARN_RANGE_LOOP_ANALYSIS = YES;
				CLANG_WARN_STRICT_PROTOTYPES = YES;
				CLANG_WARN_SUSPICIOUS_MOVE = YES;
				CLANG_WARN_UNGUARDED_AVAILABILITY = YES_AGGRESSIVE;
				CLANG_WARN_UNREACHABLE_CODE = YES;
				CLANG_WARN__DUPLICATE_METHOD_MATCH = YES;
				COPY_PHASE_STRIP = NO;
				DEBUG_INFORMATION_FORMAT = "dwarf-with-dsym";
				ENABLE_NS_ASSERTIONS = NO;
				ENABLE_STRICT_OBJC_MSGSEND = YES;
				GCC_C_LANGUAGE_STANDARD = gnu11;
				GCC_NO_COMMON_BLOCKS = YES;
				GCC_WARN_64_TO_32_BIT_CONVERSION = YES;
				GCC_WARN_ABOUT_RETURN_TYPE = YES_ERROR;
				GCC_WARN_UNDECLARED_SELECTOR = YES;
				GCC_WARN_UNINITIALIZED_AUTOS = YES_AGGRESSIVE;
				GCC_WARN_UNUSED_FUNCTION = YES;
				GCC_WARN_UNUSED_VARIABLE = YES;
				IPHONEOS_DEPLOYMENT_TARGET = 15.5;
				MTL_ENABLE_DEBUG_INFO = NO;
				MTL_FAST_MATH = YES;
				SDKROOT = iphoneos;
				SWIFT_COMPILATION_MODE = wholemodule;
				SWIFT_OPTIMIZATION_LEVEL = "-O";
				VALIDATE_PRODUCT = YES;
			};
			name = Release;
		};
		0E1B540728AB1FD300901508 /* Debug */ = {
			isa = XCBuildConfiguration;
			buildSettings = {
				ASSETCATALOG_COMPILER_APPICON_NAME = AppIcon;
				ASSETCATALOG_COMPILER_GLOBAL_ACCENT_COLOR_NAME = AccentColor;
				CODE_SIGN_STYLE = Automatic;
				CURRENT_PROJECT_VERSION = 1;
				DEVELOPMENT_TEAM = U8U4L6FXAF;
				GENERATE_INFOPLIST_FILE = YES;
				INFOPLIST_FILE = SeSAC2Week7Diary/Info.plist;
				INFOPLIST_KEY_UIApplicationSupportsIndirectInputEvents = YES;
				INFOPLIST_KEY_UILaunchStoryboardName = LaunchScreen;
				INFOPLIST_KEY_UIMainStoryboardFile = Main;
				INFOPLIST_KEY_UISupportedInterfaceOrientations_iPad = "UIInterfaceOrientationPortrait UIInterfaceOrientationPortraitUpsideDown UIInterfaceOrientationLandscapeLeft UIInterfaceOrientationLandscapeRight";
				INFOPLIST_KEY_UISupportedInterfaceOrientations_iPhone = "UIInterfaceOrientationPortrait UIInterfaceOrientationLandscapeLeft UIInterfaceOrientationLandscapeRight";
				LD_RUNPATH_SEARCH_PATHS = (
					"$(inherited)",
					"@executable_path/Frameworks",
				);
				MARKETING_VERSION = 1.0;
				PRODUCT_BUNDLE_IDENTIFIER = net.monica.SeSAC2Week7Diary;
				PRODUCT_NAME = "$(TARGET_NAME)";
				SWIFT_EMIT_LOC_STRINGS = YES;
				SWIFT_VERSION = 5.0;
				TARGETED_DEVICE_FAMILY = 1;
			};
			name = Debug;
		};
		0E1B540828AB1FD300901508 /* Release */ = {
			isa = XCBuildConfiguration;
			buildSettings = {
				ASSETCATALOG_COMPILER_APPICON_NAME = AppIcon;
				ASSETCATALOG_COMPILER_GLOBAL_ACCENT_COLOR_NAME = AccentColor;
				CODE_SIGN_STYLE = Automatic;
				CURRENT_PROJECT_VERSION = 1;
				DEVELOPMENT_TEAM = U8U4L6FXAF;
				GENERATE_INFOPLIST_FILE = YES;
				INFOPLIST_FILE = SeSAC2Week7Diary/Info.plist;
				INFOPLIST_KEY_UIApplicationSupportsIndirectInputEvents = YES;
				INFOPLIST_KEY_UILaunchStoryboardName = LaunchScreen;
				INFOPLIST_KEY_UIMainStoryboardFile = Main;
				INFOPLIST_KEY_UISupportedInterfaceOrientations_iPad = "UIInterfaceOrientationPortrait UIInterfaceOrientationPortraitUpsideDown UIInterfaceOrientationLandscapeLeft UIInterfaceOrientationLandscapeRight";
				INFOPLIST_KEY_UISupportedInterfaceOrientations_iPhone = "UIInterfaceOrientationPortrait UIInterfaceOrientationLandscapeLeft UIInterfaceOrientationLandscapeRight";
				LD_RUNPATH_SEARCH_PATHS = (
					"$(inherited)",
					"@executable_path/Frameworks",
				);
				MARKETING_VERSION = 1.0;
				PRODUCT_BUNDLE_IDENTIFIER = net.monica.SeSAC2Week7Diary;
				PRODUCT_NAME = "$(TARGET_NAME)";
				SWIFT_EMIT_LOC_STRINGS = YES;
				SWIFT_VERSION = 5.0;
				TARGETED_DEVICE_FAMILY = 1;
			};
			name = Release;
		};
/* End XCBuildConfiguration section */

/* Begin XCConfigurationList section */
		0E1B53ED28AB1FD100901508 /* Build configuration list for PBXProject "SeSAC2Week7Diary" */ = {
			isa = XCConfigurationList;
			buildConfigurations = (
				0E1B540428AB1FD300901508 /* Debug */,
				0E1B540528AB1FD300901508 /* Release */,
			);
			defaultConfigurationIsVisible = 0;
			defaultConfigurationName = Release;
		};
		0E1B540628AB1FD300901508 /* Build configuration list for PBXNativeTarget "SeSAC2Week7Diary" */ = {
			isa = XCConfigurationList;
			buildConfigurations = (
				0E1B540728AB1FD300901508 /* Debug */,
				0E1B540828AB1FD300901508 /* Release */,
			);
			defaultConfigurationIsVisible = 0;
			defaultConfigurationName = Release;
		};
/* End XCConfigurationList section */

/* Begin XCRemoteSwiftPackageReference section */
		0E63A98328AC81BA001AD9FD /* XCRemoteSwiftPackageReference "SnapKit" */ = {
			isa = XCRemoteSwiftPackageReference;
			repositoryURL = "https://github.com/SnapKit/SnapKit.git";
			requirement = {
				kind = upToNextMajorVersion;
				minimumVersion = 5.0.0;
			};
		};
/* End XCRemoteSwiftPackageReference section */

/* Begin XCSwiftPackageProductDependency section */
		0E63A98428AC81BA001AD9FD /* SnapKit */ = {
			isa = XCSwiftPackageProductDependency;
			package = 0E63A98328AC81BA001AD9FD /* XCRemoteSwiftPackageReference "SnapKit" */;
			productName = SnapKit;
		};
/* End XCSwiftPackageProductDependency section */
	};
	rootObject = 0E1B53EA28AB1FD100901508 /* Project object */;
}
